
Microsoft Visual Studio Solution File, Format Version 12.00
# Visual Studio Version 17
VisualStudioVersion = 17.5.33516.290
MinimumVisualStudioVersion = 10.0.40219.1
Project("{2150E333-8FDC-42A3-9474-1A3956D46DE8}") = "1-Api", "1-Api", "{5C52DACE-295D-459E-B177-4678D981C16D}"
EndProject
Project("{2150E333-8FDC-42A3-9474-1A3956D46DE8}") = "2-FrontEnd", "2-FrontEnd", "{84758530-A20C-41FE-8653-42B0FCB6DB69}"
EndProject
Project("{9A19103F-16F7-4668-BE54-9A1E7A4F7556}") = "MyPortfolio.EntityLayer", "1-Api\MyPortfolio.EntityLayer\MyPortfolio.EntityLayer.csproj", "{5F4E5F1D-1108-427D-A033-871630E94AF3}"
EndProject
Project("{9A19103F-16F7-4668-BE54-9A1E7A4F7556}") = "MyPortfolio.DataaccessLayer", "1-Api\MyPortfolio.DataaccessLayer\MyPortfolio.DataaccessLayer.csproj", "{2627328A-01D7-4063-AEA8-3BE5C59D5949}"
EndProject
Project("{9A19103F-16F7-4668-BE54-9A1E7A4F7556}") = "MyPortfolio.BusinessLayer", "1-Api\MyPortfolio.BusinessLayer\MyPortfolio.BusinessLayer.csproj", "{BC79AF7D-13FB-4F02-9307-D53D0F6A9193}"
EndProject
Project("{9A19103F-16F7-4668-BE54-9A1E7A4F7556}") = "MyPortfolio.Dtos", "1-Api\MyPortfolio.Dtos\MyPortfolio.Dtos.csproj", "{D6B84AB1-499A-43B2-AA20-E383912855FB}"
EndProject
Project("{9A19103F-16F7-4668-BE54-9A1E7A4F7556}") = "MyPortfolio.Api", "1-Api\MyPortfolio.Api\MyPortfolio.Api.csproj", "{C60BD321-3293-4F76-8FE4-D9A34F7B9967}"
EndProject
Project("{9A19103F-16F7-4668-BE54-9A1E7A4F7556}") = "MyPortfolio.UI", "2-FrontEnd\MyPortfolio.UI\MyPortfolio.UI.csproj", "{9C7714B1-846F-41E9-94B2-D8F6DB85BA52}"
EndProject
Global
	GlobalSection(SolutionConfigurationPlatforms) = preSolution
		Debug|Any CPU = Debug|Any CPU
		Release|Any CPU = Release|Any CPU
	EndGlobalSection
	GlobalSection(ProjectConfigurationPlatforms) = postSolution
		{5F4E5F1D-1108-427D-A033-871630E94AF3}.Debug|Any CPU.ActiveCfg = Debug|Any CPU
		{5F4E5F1D-1108-427D-A033-871630E94AF3}.Debug|Any CPU.Build.0 = Debug|Any CPU
		{5F4E5F1D-1108-427D-A033-871630E94AF3}.Release|Any CPU.ActiveCfg = Release|Any CPU
		{5F4E5F1D-1108-427D-A033-871630E94AF3}.Release|Any CPU.Build.0 = Release|Any CPU
		{2627328A-01D7-4063-AEA8-3BE5C59D5949}.Debug|Any CPU.ActiveCfg = Debug|Any CPU
		{2627328A-01D7-4063-AEA8-3BE5C59D5949}.Debug|Any CPU.Build.0 = Debug|Any CPU
		{2627328A-01D7-4063-AEA8-3BE5C59D5949}.Release|Any CPU.ActiveCfg = Release|Any CPU
		{2627328A-01D7-4063-AEA8-3BE5C59D5949}.Release|Any CPU.Build.0 = Release|Any CPU
		{BC79AF7D-13FB-4F02-9307-D53D0F6A9193}.Debug|Any CPU.ActiveCfg = Debug|Any CPU
		{BC79AF7D-13FB-4F02-9307-D53D0F6A9193}.Debug|Any CPU.Build.0 = Debug|Any CPU
		{BC79AF7D-13FB-4F02-9307-D53D0F6A9193}.Release|Any CPU.ActiveCfg = Release|Any CPU
		{BC79AF7D-13FB-4F02-9307-D53D0F6A9193}.Release|Any CPU.Build.0 = Release|Any CPU
		{D6B84AB1-499A-43B2-AA20-E383912855FB}.Debug|Any CPU.ActiveCfg = Debug|Any CPU
		{D6B84AB1-499A-43B2-AA20-E383912855FB}.Debug|Any CPU.Build.0 = Debug|Any CPU
		{D6B84AB1-499A-43B2-AA20-E383912855FB}.Release|Any CPU.ActiveCfg = Release|Any CPU
		{D6B84AB1-499A-43B2-AA20-E383912855FB}.Release|Any CPU.Build.0 = Release|Any CPU
		{C60BD321-3293-4F76-8FE4-D9A34F7B9967}.Debug|Any CPU.ActiveCfg = Debug|Any CPU
		{C60BD321-3293-4F76-8FE4-D9A34F7B9967}.Debug|Any CPU.Build.0 = Debug|Any CPU
		{C60BD321-3293-4F76-8FE4-D9A34F7B9967}.Release|Any CPU.ActiveCfg = Release|Any CPU
		{C60BD321-3293-4F76-8FE4-D9A34F7B9967}.Release|Any CPU.Build.0 = Release|Any CPU
		{9C7714B1-846F-41E9-94B2-D8F6DB85BA52}.Debug|Any CPU.ActiveCfg = Debug|Any CPU
		{9C7714B1-846F-41E9-94B2-D8F6DB85BA52}.Debug|Any CPU.Build.0 = Debug|Any CPU
		{9C7714B1-846F-41E9-94B2-D8F6DB85BA52}.Release|Any CPU.ActiveCfg = Release|Any CPU
		{9C7714B1-846F-41E9-94B2-D8F6DB85BA52}.Release|Any CPU.Build.0 = Release|Any CPU
	EndGlobalSection
	GlobalSection(SolutionProperties) = preSolution
		HideSolutionNode = FALSE
	EndGlobalSection
	GlobalSection(NestedProjects) = preSolution
		{5F4E5F1D-1108-427D-A033-871630E94AF3} = {5C52DACE-295D-459E-B177-4678D981C16D}
		{2627328A-01D7-4063-AEA8-3BE5C59D5949} = {5C52DACE-295D-459E-B177-4678D981C16D}
		{BC79AF7D-13FB-4F02-9307-D53D0F6A9193} = {5C52DACE-295D-459E-B177-4678D981C16D}
		{D6B84AB1-499A-43B2-AA20-E383912855FB} = {5C52DACE-295D-459E-B177-4678D981C16D}
		{C60BD321-3293-4F76-8FE4-D9A34F7B9967} = {5C52DACE-295D-459E-B177-4678D981C16D}
		{9C7714B1-846F-41E9-94B2-D8F6DB85BA52} = {84758530-A20C-41FE-8653-42B0FCB6DB69}
	EndGlobalSection
	GlobalSection(ExtensibilityGlobals) = postSolution
		SolutionGuid = {FCC67E37-FA40-417A-A520-C135B5C0B084}
	EndGlobalSection
EndGlobal
